
Microsoft Visual Studio Solution File, Format Version 12.00
# Visual Studio 15
VisualStudioVersion = 15.0.28307.757
MinimumVisualStudioVersion = 10.0.40219.1
Project("{FAE04EC0-301F-11D3-BF4B-00C04F79EFBC}") = "CB Script Tool", "CB Script Tool.csproj", "{DF4BEF4A-74AB-47DC-8DAB-018784BC1EB2}"
EndProject
Global
	GlobalSection(SolutionConfigurationPlatforms) = preSolution
		Debug|Any CPU = Debug|Any CPU
		Release|Any CPU = Release|Any CPU
	EndGlobalSection
	GlobalSection(ProjectConfigurationPlatforms) = postSolution
		{DF4BEF4A-74AB-47DC-8DAB-018784BC1EB2}.Debug|Any CPU.ActiveCfg = Debug|Any CPU
		{DF4BEF4A-74AB-47DC-8DAB-018784BC1EB2}.Debug|Any CPU.Build.0 = Debug|Any CPU
		{DF4BEF4A-74AB-47DC-8DAB-018784BC1EB2}.Release|Any CPU.ActiveCfg = Release|Any CPU
		{DF4BEF4A-74AB-47DC-8DAB-018784BC1EB2}.Release|Any CPU.Build.0 = Release|Any CPU
	EndGlobalSection
	GlobalSection(SolutionProperties) = preSolution
		HideSolutionNode = FALSE
	EndGlobalSection
	GlobalSection(ExtensibilityGlobals) = postSolution
		SolutionGuid = {30E3903E-95CB-4800-88B2-C046B9D690A9}
	EndGlobalSection
EndGlobal
