
Microsoft Visual Studio Solution File, Format Version 12.00
# Visual Studio 15
VisualStudioVersion = 15.0.28307.329
MinimumVisualStudioVersion = 10.0.40219.1
Project("{FAE04EC0-301F-11D3-BF4B-00C04F79EFBC}") = "CarryBuddy.SDK", "CarryBuddy.SDK.csproj", "{839C6E0D-5BE3-41C9-8BEE-D89E082D85BF}"
EndProject
Global
	GlobalSection(SolutionConfigurationPlatforms) = preSolution
		Debug|Any CPU = Debug|Any CPU
		Release|Any CPU = Release|Any CPU
	EndGlobalSection
	GlobalSection(ProjectConfigurationPlatforms) = postSolution
		{839C6E0D-5BE3-41C9-8BEE-D89E082D85BF}.Debug|Any CPU.ActiveCfg = Debug|Any CPU
		{839C6E0D-5BE3-41C9-8BEE-D89E082D85BF}.Debug|Any CPU.Build.0 = Debug|Any CPU
		{839C6E0D-5BE3-41C9-8BEE-D89E082D85BF}.Release|Any CPU.ActiveCfg = Release|Any CPU
		{839C6E0D-5BE3-41C9-8BEE-D89E082D85BF}.Release|Any CPU.Build.0 = Release|Any CPU
	EndGlobalSection
	GlobalSection(SolutionProperties) = preSolution
		HideSolutionNode = FALSE
	EndGlobalSection
	GlobalSection(ExtensibilityGlobals) = postSolution
		SolutionGuid = {D0BC0D87-C0D1-4E80-BA3C-AABCA4CA87DA}
	EndGlobalSection
EndGlobal
