
Microsoft Visual Studio Solution File, Format Version 12.00
# Visual Studio 15
VisualStudioVersion = 15.0.28307.757
MinimumVisualStudioVersion = 10.0.40219.1
Project("{FAE04EC0-301F-11D3-BF4B-00C04F79EFBC}") = "CB Updater", "CB Updater.csproj", "{7874BEB4-5963-44CA-A63B-0692BF4288FF}"
EndProject
Global
	GlobalSection(SolutionConfigurationPlatforms) = preSolution
		Debug|Any CPU = Debug|Any CPU
		Release|Any CPU = Release|Any CPU
	EndGlobalSection
	GlobalSection(ProjectConfigurationPlatforms) = postSolution
		{7874BEB4-5963-44CA-A63B-0692BF4288FF}.Debug|Any CPU.ActiveCfg = Debug|Any CPU
		{7874BEB4-5963-44CA-A63B-0692BF4288FF}.Debug|Any CPU.Build.0 = Debug|Any CPU
		{7874BEB4-5963-44CA-A63B-0692BF4288FF}.Release|Any CPU.ActiveCfg = Release|Any CPU
		{7874BEB4-5963-44CA-A63B-0692BF4288FF}.Release|Any CPU.Build.0 = Release|Any CPU
	EndGlobalSection
	GlobalSection(SolutionProperties) = preSolution
		HideSolutionNode = FALSE
	EndGlobalSection
	GlobalSection(ExtensibilityGlobals) = postSolution
		SolutionGuid = {21BCD12D-C59C-4582-B8B7-FC8D6BB8091D}
	EndGlobalSection
EndGlobal
